
Microsoft Visual Studio Solution File, Format Version 12.00
Project("{FAE04EC0-301F-11D3-BF4B-00C04F79EFBC}") = "Test3", "Test3\Test3.csproj", "{343EA1D0-30F4-442D-9D43-A53DAF81EF29}"
EndProject
Project("{FAE04EC0-301F-11D3-BF4B-00C04F79EFBC}") = "TestQueue", "TestQueue\TestQueue.csproj", "{AB6B0736-EF18-424C-A5F7-B21772DE1D18}"
EndProject
Global
	GlobalSection(SolutionConfigurationPlatforms) = preSolution
		Debug|Any CPU = Debug|Any CPU
		Release|Any CPU = Release|Any CPU
	EndGlobalSection
	GlobalSection(ProjectConfigurationPlatforms) = postSolution
		{343EA1D0-30F4-442D-9D43-A53DAF81EF29}.Debug|Any CPU.ActiveCfg = Debug|Any CPU
		{343EA1D0-30F4-442D-9D43-A53DAF81EF29}.Debug|Any CPU.Build.0 = Debug|Any CPU
		{343EA1D0-30F4-442D-9D43-A53DAF81EF29}.Release|Any CPU.ActiveCfg = Release|Any CPU
		{343EA1D0-30F4-442D-9D43-A53DAF81EF29}.Release|Any CPU.Build.0 = Release|Any CPU
		{AB6B0736-EF18-424C-A5F7-B21772DE1D18}.Debug|Any CPU.ActiveCfg = Debug|Any CPU
		{AB6B0736-EF18-424C-A5F7-B21772DE1D18}.Debug|Any CPU.Build.0 = Debug|Any CPU
		{AB6B0736-EF18-424C-A5F7-B21772DE1D18}.Release|Any CPU.ActiveCfg = Release|Any CPU
		{AB6B0736-EF18-424C-A5F7-B21772DE1D18}.Release|Any CPU.Build.0 = Release|Any CPU
	EndGlobalSection
EndGlobal
