
Microsoft Visual Studio Solution File, Format Version 12.00
# Visual Studio Version 16
VisualStudioVersion = 16.0.31624.102
MinimumVisualStudioVersion = 10.0.40219.1
Project("{FAE04EC0-301F-11D3-BF4B-00C04F79EFBC}") = "ParallelMatrixMultiplication", "ParallelMatrixMultiplication\ParallelMatrixMultiplication.csproj", "{A8AF63A3-1364-4FA2-8832-D27A339FAD1B}"
EndProject
Project("{FAE04EC0-301F-11D3-BF4B-00C04F79EFBC}") = "ParallelMatrixMultiplication.Test", "ParallelMatrixMultiplication.Test\ParallelMatrixMultiplication.Test.csproj", "{A569F36C-B06B-4DE2-AC6A-0A26D8C140A1}"
EndProject
Global
	GlobalSection(SolutionConfigurationPlatforms) = preSolution
		Debug|Any CPU = Debug|Any CPU
		Release|Any CPU = Release|Any CPU
	EndGlobalSection
	GlobalSection(ProjectConfigurationPlatforms) = postSolution
		{A8AF63A3-1364-4FA2-8832-D27A339FAD1B}.Debug|Any CPU.ActiveCfg = Debug|Any CPU
		{A8AF63A3-1364-4FA2-8832-D27A339FAD1B}.Debug|Any CPU.Build.0 = Debug|Any CPU
		{A8AF63A3-1364-4FA2-8832-D27A339FAD1B}.Release|Any CPU.ActiveCfg = Release|Any CPU
		{A8AF63A3-1364-4FA2-8832-D27A339FAD1B}.Release|Any CPU.Build.0 = Release|Any CPU
		{A569F36C-B06B-4DE2-AC6A-0A26D8C140A1}.Debug|Any CPU.ActiveCfg = Debug|Any CPU
		{A569F36C-B06B-4DE2-AC6A-0A26D8C140A1}.Debug|Any CPU.Build.0 = Debug|Any CPU
		{A569F36C-B06B-4DE2-AC6A-0A26D8C140A1}.Release|Any CPU.ActiveCfg = Release|Any CPU
		{A569F36C-B06B-4DE2-AC6A-0A26D8C140A1}.Release|Any CPU.Build.0 = Release|Any CPU
	EndGlobalSection
	GlobalSection(SolutionProperties) = preSolution
		HideSolutionNode = FALSE
	EndGlobalSection
	GlobalSection(ExtensibilityGlobals) = postSolution
		SolutionGuid = {3EC4E190-8ABB-4682-A8B2-190BAE5FEFB0}
	EndGlobalSection
EndGlobal
